
Microsoft Visual Studio Solution File, Format Version 12.00
# Visual Studio 15
VisualStudioVersion = 15.0.28010.0
MinimumVisualStudioVersion = 10.0.40219.1
Project("{FAE04EC0-301F-11D3-BF4B-00C04F79EFBC}") = "BuildingMgmt", "BuildingMgmt\BuildingMgmt.csproj", "{01F55216-7A8B-40ED-A857-7A066CC6936D}"
EndProject
Global
	GlobalSection(SolutionConfigurationPlatforms) = preSolution
		Debug|Any CPU = Debug|Any CPU
		Release|Any CPU = Release|Any CPU
	EndGlobalSection
	GlobalSection(ProjectConfigurationPlatforms) = postSolution
		{01F55216-7A8B-40ED-A857-7A066CC6936D}.Debug|Any CPU.ActiveCfg = Debug|Any CPU
		{01F55216-7A8B-40ED-A857-7A066CC6936D}.Debug|Any CPU.Build.0 = Debug|Any CPU
		{01F55216-7A8B-40ED-A857-7A066CC6936D}.Release|Any CPU.ActiveCfg = Release|Any CPU
		{01F55216-7A8B-40ED-A857-7A066CC6936D}.Release|Any CPU.Build.0 = Release|Any CPU
	EndGlobalSection
	GlobalSection(SolutionProperties) = preSolution
		HideSolutionNode = FALSE
	EndGlobalSection
	GlobalSection(ExtensibilityGlobals) = postSolution
		SolutionGuid = {EE521BC8-5A12-4A0C-A4B7-9825D4D5FABD}
	EndGlobalSection
EndGlobal
